uuid: e237abe4-62d4-4f19-bd87-98e76a6c57ab
langcode: en
status: true
dependencies: {  }
_core:
  default_config_hash: 2lo0hIx3RV2AgnE1fkdPLRQcYWGamMyouBoe2OiYk24
id: search_block
label: 'Search Block'
selector: ''
minChar: 3
autoSubmit: true
autoRedirect: true
maxSuggestions: 10
noResultLabel: 'No results found for [search-phrase]. Click to perform full search.'
noResultValue: '[search-phrase]'
noResultLink: ''
moreResultsLabel: 'View all results for [search-phrase].'
moreResultsValue: '[search-phrase]'
moreResultsLink: ''
source: 'autocompletion_callbacks_nodes::nodes_autocompletion_callback'
theme: basic.css
editable: true
deletable: false
